// !$*UTF8*$!
{
	archiveVersion = 1;
	classes = {
	};
	objectVersion = 56;
	objects = {

/* Begin PBXBuildFile section */
		602CCA102A4C21EA007F8AD6 /* AppDelegate.swift in Sources */ = {isa = PBXBuildFile; fileRef = 602CCA0F2A4C21EA007F8AD6 /* AppDelegate.swift */; };
		602CCA122A4C21EA007F8AD6 /* SceneDelegate.swift in Sources */ = {isa = PBXBuildFile; fileRef = 602CCA112A4C21EA007F8AD6 /* SceneDelegate.swift */; };
		602CCA142A4C21EA007F8AD6 /* ViewController.swift in Sources */ = {isa = PBXBuildFile; fileRef = 602CCA132A4C21EA007F8AD6 /* ViewController.swift */; };
		602CCA192A4C21ED007F8AD6 /* Assets.xcassets in Resources */ = {isa = PBXBuildFile; fileRef = 602CCA182A4C21ED007F8AD6 /* Assets.xcassets */; };
		602CCA1C2A4C21ED007F8AD6 /* LaunchScreen.storyboard in Resources */ = {isa = PBXBuildFile; fileRef = 602CCA1A2A4C21ED007F8AD6 /* LaunchScreen.storyboard */; };
		602CCA272A4C21ED007F8AD6 /* ToDoListAppTests.swift in Sources */ = {isa = PBXBuildFile; fileRef = 602CCA262A4C21ED007F8AD6 /* ToDoListAppTests.swift */; };
		602CCA312A4C21ED007F8AD6 /* ToDoListAppUITests.swift in Sources */ = {isa = PBXBuildFile; fileRef = 602CCA302A4C21ED007F8AD6 /* ToDoListAppUITests.swift */; };
		602CCA332A4C21ED007F8AD6 /* ToDoListAppUITestsLaunchTests.swift in Sources */ = {isa = PBXBuildFile; fileRef = 602CCA322A4C21ED007F8AD6 /* ToDoListAppUITestsLaunchTests.swift */; };
/* End PBXBuildFile section */

/* Begin PBXContainerItemProxy section */
		602CCA232A4C21ED007F8AD6 /* PBXContainerItemProxy */ = {
			isa = PBXContainerItemProxy;
			containerPortal = 602CCA042A4C21EA007F8AD6 /* Project object */;
			proxyType = 1;
			remoteGlobalIDString = 602CCA0B2A4C21EA007F8AD6;
			remoteInfo = ToDoListApp;
		};
		602CCA2D2A4C21ED007F8AD6 /* PBXContainerItemProxy */ = {
			isa = PBXContainerItemProxy;
			containerPortal = 602CCA042A4C21EA007F8AD6 /* Project object */;
			proxyType = 1;
			remoteGlobalIDString = 602CCA0B2A4C21EA007F8AD6;
			remoteInfo = ToDoListApp;
		};
/* End PBXContainerItemProxy section */

/* Begin PBXFileReference section */
		602CCA0C2A4C21EA007F8AD6 /* ToDoListApp.app */ = {isa = PBXFileReference; explicitFileType = wrapper.application; includeInIndex = 0; path = ToDoListApp.app; sourceTree = BUILT_PRODUCTS_DIR; };
		602CCA0F2A4C21EA007F8AD6 /* AppDelegate.swift */ = {isa = PBXFileReference; lastKnownFileType = sourcecode.swift; path = AppDelegate.swift; sourceTree = "<group>"; };
		602CCA112A4C21EA007F8AD6 /* SceneDelegate.swift */ = {isa = PBXFileReference; lastKnownFileType = sourcecode.swift; path = SceneDelegate.swift; sourceTree = "<group>"; };
		602CCA132A4C21EA007F8AD6 /* ViewController.swift */ = {isa = PBXFileReference; lastKnownFileType = sourcecode.swift; path = ViewController.swift; sourceTree = "<group>"; };
		602CCA182A4C21ED007F8AD6 /* Assets.xcassets */ = {isa = PBXFileReference; lastKnownFileType = folder.assetcatalog; path = Assets.xcassets; sourceTree = "<group>"; };
		602CCA1B2A4C21ED007F8AD6 /* Base */ = {isa = PBXFileReference; lastKnownFileType = file.storyboard; name = Base; path = Base.lproj/LaunchScreen.storyboard; sourceTree = "<group>"; };
		602CCA1D2A4C21ED007F8AD6 /* Info.plist */ = {isa = PBXFileReference; lastKnownFileType = text.plist.xml; path = Info.plist; sourceTree = "<group>"; };
		602CCA222A4C21ED007F8AD6 /* ToDoListAppTests.xctest */ = {isa = PBXFileReference; explicitFileType = wrapper.cfbundle; includeInIndex = 0; path = ToDoListAppTests.xctest; sourceTree = BUILT_PRODUCTS_DIR; };
		602CCA262A4C21ED007F8AD6 /* ToDoListAppTests.swift */ = {isa = PBXFileReference; lastKnownFileType = sourcecode.swift; path = ToDoListAppTests.swift; sourceTree = "<group>"; };
		602CCA2C2A4C21ED007F8AD6 /* ToDoListAppUITests.xctest */ = {isa = PBXFileReference; explicitFileType = wrapper.cfbundle; includeInIndex = 0; path = ToDoListAppUITests.xctest; sourceTree = BUILT_PRODUCTS_DIR; };
		602CCA302A4C21ED007F8AD6 /* ToDoListAppUITests.swift */ = {isa = PBXFileReference; lastKnownFileType = sourcecode.swift; path = ToDoListAppUITests.swift; sourceTree = "<group>"; };
		602CCA322A4C21ED007F8AD6 /* ToDoListAppUITestsLaunchTests.swift */ = {isa = PBXFileReference; lastKnownFileType = sourcecode.swift; path = ToDoListAppUITestsLaunchTests.swift; sourceTree = "<group>"; };
/* End PBXFileReference section */

/* Begin PBXFrameworksBuildPhase section */
		602CCA092A4C21EA007F8AD6 /* Frameworks */ = {
			isa = PBXFrameworksBuildPhase;
			buildActionMask = 2147483647;
			files = (
			);
			runOnlyForDeploymentPostprocessing = 0;
		};
		602CCA1F2A4C21ED007F8AD6 /* Frameworks */ = {
			isa = PBXFrameworksBuildPhase;
			buildActionMask = 2147483647;
			files = (
			);
			runOnlyForDeploymentPostprocessing = 0;
		};
		602CCA292A4C21ED007F8AD6 /* Frameworks */ = {
			isa = PBXFrameworksBuildPhase;
			buildActionMask = 2147483647;
			files = (
			);
			runOnlyForDeploymentPostprocessing = 0;
		};
/* End PBXFrameworksBuildPhase section */

/* Begin PBXGroup section */
		602CCA032A4C21EA007F8AD6 = {
			isa = PBXGroup;
			children = (
				602CCA0E2A4C21EA007F8AD6 /* ToDoListApp */,
				602CCA252A4C21ED007F8AD6 /* ToDoListAppTests */,
				602CCA2F2A4C21ED007F8AD6 /* ToDoListAppUITests */,
				602CCA0D2A4C21EA007F8AD6 /* Products */,
			);
			sourceTree = "<group>";
		};
		602CCA0D2A4C21EA007F8AD6 /* Products */ = {
			isa = PBXGroup;
			children = (
				602CCA0C2A4C21EA007F8AD6 /* ToDoListApp.app */,
				602CCA222A4C21ED007F8AD6 /* ToDoListAppTests.xctest */,
				602CCA2C2A4C21ED007F8AD6 /* ToDoListAppUITests.xctest */,
			);
			name = Products;
			sourceTree = "<group>";
		};
		602CCA0E2A4C21EA007F8AD6 /* ToDoListApp */ = {
			isa = PBXGroup;
			children = (
				602CCA432A4C275B007F8AD6 /* Sources */,
				602CCA402A4C2736007F8AD6 /* Resources */,
				602CCA3F2A4C271B007F8AD6 /* AppDelegate */,
				602CCA1D2A4C21ED007F8AD6 /* Info.plist */,
			);
			path = ToDoListApp;
			sourceTree = "<group>";
		};
		602CCA252A4C21ED007F8AD6 /* ToDoListAppTests */ = {
			isa = PBXGroup;
			children = (
				602CCA262A4C21ED007F8AD6 /* ToDoListAppTests.swift */,
			);
			path = ToDoListAppTests;
			sourceTree = "<group>";
		};
		602CCA2F2A4C21ED007F8AD6 /* ToDoListAppUITests */ = {
			isa = PBXGroup;
			children = (
				602CCA302A4C21ED007F8AD6 /* ToDoListAppUITests.swift */,
				602CCA322A4C21ED007F8AD6 /* ToDoListAppUITestsLaunchTests.swift */,
			);
			path = ToDoListAppUITests;
			sourceTree = "<group>";
		};
		602CCA3F2A4C271B007F8AD6 /* AppDelegate */ = {
			isa = PBXGroup;
			children = (
				602CCA0F2A4C21EA007F8AD6 /* AppDelegate.swift */,
				602CCA112A4C21EA007F8AD6 /* SceneDelegate.swift */,
			);
			path = AppDelegate;
			sourceTree = "<group>";
		};
		602CCA402A4C2736007F8AD6 /* Resources */ = {
			isa = PBXGroup;
			children = (
				602CCA422A4C274B007F8AD6 /* Assets */,
				602CCA412A4C2742007F8AD6 /* Storyboards */,
			);
			path = Resources;
			sourceTree = "<group>";
		};
		602CCA412A4C2742007F8AD6 /* Storyboards */ = {
			isa = PBXGroup;
			children = (
				602CCA1A2A4C21ED007F8AD6 /* LaunchScreen.storyboard */,
			);
			path = Storyboards;
			sourceTree = "<group>";
		};
		602CCA422A4C274B007F8AD6 /* Assets */ = {
			isa = PBXGroup;
			children = (
				602CCA182A4C21ED007F8AD6 /* Assets.xcassets */,
			);
			path = Assets;
			sourceTree = "<group>";
		};
		602CCA432A4C275B007F8AD6 /* Sources */ = {
			isa = PBXGroup;
			children = (
				602CCA452A4C2786007F8AD6 /* DetailsModule */,
				602CCA442A4C277A007F8AD6 /* MainModule */,
			);
			path = Sources;
			sourceTree = "<group>";
		};
		602CCA442A4C277A007F8AD6 /* MainModule */ = {
			isa = PBXGroup;
			children = (
				602CCA132A4C21EA007F8AD6 /* ViewController.swift */,
			);
			path = MainModule;
			sourceTree = "<group>";
		};
		602CCA452A4C2786007F8AD6 /* DetailsModule */ = {
			isa = PBXGroup;
			children = (
			);
			path = DetailsModule;
			sourceTree = "<group>";
		};
/* End PBXGroup section */

/* Begin PBXNativeTarget section */
		602CCA0B2A4C21EA007F8AD6 /* ToDoListApp */ = {
			isa = PBXNativeTarget;
			buildConfigurationList = 602CCA362A4C21ED007F8AD6 /* Build configuration list for PBXNativeTarget "ToDoListApp" */;
			buildPhases = (
				602CCA082A4C21EA007F8AD6 /* Sources */,
				602CCA092A4C21EA007F8AD6 /* Frameworks */,
				602CCA0A2A4C21EA007F8AD6 /* Resources */,
			);
			buildRules = (
			);
			dependencies = (
			);
			name = ToDoListApp;
			productName = ToDoListApp;
			productReference = 602CCA0C2A4C21EA007F8AD6 /* ToDoListApp.app */;
			productType = "com.apple.product-type.application";
		};
		602CCA212A4C21ED007F8AD6 /* ToDoListAppTests */ = {
			isa = PBXNativeTarget;
			buildConfigurationList = 602CCA392A4C21ED007F8AD6 /* Build configuration list for PBXNativeTarget "ToDoListAppTests" */;
			buildPhases = (
				602CCA1E2A4C21ED007F8AD6 /* Sources */,
				602CCA1F2A4C21ED007F8AD6 /* Frameworks */,
				602CCA202A4C21ED007F8AD6 /* Resources */,
			);
			buildRules = (
			);
			dependencies = (
				602CCA242A4C21ED007F8AD6 /* PBXTargetDependency */,
			);
			name = ToDoListAppTests;
			productName = ToDoListAppTests;
			productReference = 602CCA222A4C21ED007F8AD6 /* ToDoListAppTests.xctest */;
			productType = "com.apple.product-type.bundle.unit-test";
		};
		602CCA2B2A4C21ED007F8AD6 /* ToDoListAppUITests */ = {
			isa = PBXNativeTarget;
			buildConfigurationList = 602CCA3C2A4C21ED007F8AD6 /* Build configuration list for PBXNativeTarget "ToDoListAppUITests" */;
			buildPhases = (
				602CCA282A4C21ED007F8AD6 /* Sources */,
				602CCA292A4C21ED007F8AD6 /* Frameworks */,
				602CCA2A2A4C21ED007F8AD6 /* Resources */,
			);
			buildRules = (
			);
			dependencies = (
				602CCA2E2A4C21ED007F8AD6 /* PBXTargetDependency */,
			);
			name = ToDoListAppUITests;
			productName = ToDoListAppUITests;
			productReference = 602CCA2C2A4C21ED007F8AD6 /* ToDoListAppUITests.xctest */;
			productType = "com.apple.product-type.bundle.ui-testing";
		};
/* End PBXNativeTarget section */

/* Begin PBXProject section */
		602CCA042A4C21EA007F8AD6 /* Project object */ = {
			isa = PBXProject;
			attributes = {
				BuildIndependentTargetsInParallel = 1;
				LastSwiftUpdateCheck = 1400;
				LastUpgradeCheck = 1400;
				TargetAttributes = {
					602CCA0B2A4C21EA007F8AD6 = {
						CreatedOnToolsVersion = 14.0.1;
					};
					602CCA212A4C21ED007F8AD6 = {
						CreatedOnToolsVersion = 14.0.1;
						TestTargetID = 602CCA0B2A4C21EA007F8AD6;
					};
					602CCA2B2A4C21ED007F8AD6 = {
						CreatedOnToolsVersion = 14.0.1;
						TestTargetID = 602CCA0B2A4C21EA007F8AD6;
					};
				};
			};
			buildConfigurationList = 602CCA072A4C21EA007F8AD6 /* Build configuration list for PBXProject "ToDoListApp" */;
			compatibilityVersion = "Xcode 14.0";
			developmentRegion = en;
			hasScannedForEncodings = 0;
			knownRegions = (
				en,
				Base,
			);
			mainGroup = 602CCA032A4C21EA007F8AD6;
			productRefGroup = 602CCA0D2A4C21EA007F8AD6 /* Products */;
			projectDirPath = "";
			projectRoot = "";
			targets = (
				602CCA0B2A4C21EA007F8AD6 /* ToDoListApp */,
				602CCA212A4C21ED007F8AD6 /* ToDoListAppTests */,
				602CCA2B2A4C21ED007F8AD6 /* ToDoListAppUITests */,
			);
		};
/* End PBXProject section */

/* Begin PBXResourcesBuildPhase section */
		602CCA0A2A4C21EA007F8AD6 /* Resources */ = {
			isa = PBXResourcesBuildPhase;
			buildActionMask = 2147483647;
			files = (
				602CCA1C2A4C21ED007F8AD6 /* LaunchScreen.storyboard in Resources */,
				602CCA192A4C21ED007F8AD6 /* Assets.xcassets in Resources */,
			);
			runOnlyForDeploymentPostprocessing = 0;
		};
		602CCA202A4C21ED007F8AD6 /* Resources */ = {
			isa = PBXResourcesBuildPhase;
			buildActionMask = 2147483647;
			files = (
			);
			runOnlyForDeploymentPostprocessing = 0;
		};
		602CCA2A2A4C21ED007F8AD6 /* Resources */ = {
			isa = PBXResourcesBuildPhase;
			buildActionMask = 2147483647;
			files = (
			);
			runOnlyForDeploymentPostprocessing = 0;
		};
/* End PBXResourcesBuildPhase section */

/* Begin PBXSourcesBuildPhase section */
		602CCA082A4C21EA007F8AD6 /* Sources */ = {
			isa = PBXSourcesBuildPhase;
			buildActionMask = 2147483647;
			files = (
				602CCA142A4C21EA007F8AD6 /* ViewController.swift in Sources */,
				602CCA102A4C21EA007F8AD6 /* AppDelegate.swift in Sources */,
				602CCA122A4C21EA007F8AD6 /* SceneDelegate.swift in Sources */,
			);
			runOnlyForDeploymentPostprocessing = 0;
		};
		602CCA1E2A4C21ED007F8AD6 /* Sources */ = {
			isa = PBXSourcesBuildPhase;
			buildActionMask = 2147483647;
			files = (
				602CCA272A4C21ED007F8AD6 /* ToDoListAppTests.swift in Sources */,
			);
			runOnlyForDeploymentPostprocessing = 0;
		};
		602CCA282A4C21ED007F8AD6 /* Sources */ = {
			isa = PBXSourcesBuildPhase;
			buildActionMask = 2147483647;
			files = (
				602CCA332A4C21ED007F8AD6 /* ToDoListAppUITestsLaunchTests.swift in Sources */,
				602CCA312A4C21ED007F8AD6 /* ToDoListAppUITests.swift in Sources */,
			);
			runOnlyForDeploymentPostprocessing = 0;
		};
/* End PBXSourcesBuildPhase section */

/* Begin PBXTargetDependency section */
		602CCA242A4C21ED007F8AD6 /* PBXTargetDependency */ = {
			isa = PBXTargetDependency;
			target = 602CCA0B2A4C21EA007F8AD6 /* ToDoListApp */;
			targetProxy = 602CCA232A4C21ED007F8AD6 /* PBXContainerItemProxy */;
		};
		602CCA2E2A4C21ED007F8AD6 /* PBXTargetDependency */ = {
			isa = PBXTargetDependency;
			target = 602CCA0B2A4C21EA007F8AD6 /* ToDoListApp */;
			targetProxy = 602CCA2D2A4C21ED007F8AD6 /* PBXContainerItemProxy */;
		};
/* End PBXTargetDependency section */

/* Begin PBXVariantGroup section */
		602CCA1A2A4C21ED007F8AD6 /* LaunchScreen.storyboard */ = {
			isa = PBXVariantGroup;
			children = (
				602CCA1B2A4C21ED007F8AD6 /* Base */,
			);
			name = LaunchScreen.storyboard;
			sourceTree = "<group>";
		};
/* End PBXVariantGroup section */

/* Begin XCBuildConfiguration section */
		602CCA342A4C21ED007F8AD6 /* Debug */ = {
			isa = XCBuildConfiguration;
			buildSettings = {
				ALWAYS_SEARCH_USER_PATHS = NO;
				CLANG_ANALYZER_NONNULL = YES;
				CLANG_ANALYZER_NUMBER_OBJECT_CONVERSION = YES_AGGRESSIVE;
				CLANG_CXX_LANGUAGE_STANDARD = "gnu++20";
				CLANG_ENABLE_MODULES = YES;
				CLANG_ENABLE_OBJC_ARC = YES;
				CLANG_ENABLE_OBJC_WEAK = YES;
				CLANG_WARN_BLOCK_CAPTURE_AUTORELEASING = YES;
				CLANG_WARN_BOOL_CONVERSION = YES;
				CLANG_WARN_COMMA = YES;
				CLANG_WARN_CONSTANT_CONVERSION = YES;
				CLANG_WARN_DEPRECATED_OBJC_IMPLEMENTATIONS = YES;
				CLANG_WARN_DIRECT_OBJC_ISA_USAGE = YES_ERROR;
				CLANG_WARN_DOCUMENTATION_COMMENTS = YES;
				CLANG_WARN_EMPTY_BODY = YES;
				CLANG_WARN_ENUM_CONVERSION = YES;
				CLANG_WARN_INFINITE_RECURSION = YES;
				CLANG_WARN_INT_CONVERSION = YES;
				CLANG_WARN_NON_LITERAL_NULL_CONVERSION = YES;
				CLANG_WARN_OBJC_IMPLICIT_RETAIN_SELF = YES;
				CLANG_WARN_OBJC_LITERAL_CONVERSION = YES;
				CLANG_WARN_OBJC_ROOT_CLASS = YES_ERROR;
				CLANG_WARN_QUOTED_INCLUDE_IN_FRAMEWORK_HEADER = YES;
				CLANG_WARN_RANGE_LOOP_ANALYSIS = YES;
				CLANG_WARN_STRICT_PROTOTYPES = YES;
				CLANG_WARN_SUSPICIOUS_MOVE = YES;
				CLANG_WARN_UNGUARDED_AVAILABILITY = YES_AGGRESSIVE;
				CLANG_WARN_UNREACHABLE_CODE = YES;
				CLANG_WARN__DUPLICATE_METHOD_MATCH = YES;
				COPY_PHASE_STRIP = NO;
				DEBUG_INFORMATION_FORMAT = dwarf;
				ENABLE_STRICT_OBJC_MSGSEND = YES;
				ENABLE_TESTABILITY = YES;
				GCC_C_LANGUAGE_STANDARD = gnu11;
				GCC_DYNAMIC_NO_PIC = NO;
				GCC_NO_COMMON_BLOCKS = YES;
				GCC_OPTIMIZATION_LEVEL = 0;
				GCC_PREPROCESSOR_DEFINITIONS = (
					"DEBUG=1",
					"$(inherited)",
				);
				GCC_WARN_64_TO_32_BIT_CONVERSION = YES;
				GCC_WARN_ABOUT_RETURN_TYPE = YES_ERROR;
				GCC_WARN_UNDECLARED_SELECTOR = YES;
				GCC_WARN_UNINITIALIZED_AUTOS = YES_AGGRESSIVE;
				GCC_WARN_UNUSED_FUNCTION = YES;
				GCC_WARN_UNUSED_VARIABLE = YES;
				IPHONEOS_DEPLOYMENT_TARGET = 16.0;
				MTL_ENABLE_DEBUG_INFO = INCLUDE_SOURCE;
				MTL_FAST_MATH = YES;
				ONLY_ACTIVE_ARCH = YES;
				SDKROOT = iphoneos;
				SWIFT_ACTIVE_COMPILATION_CONDITIONS = DEBUG;
				SWIFT_OPTIMIZATION_LEVEL = "-Onone";
			};
			name = Debug;
		};
		602CCA352A4C21ED007F8AD6 /* Release */ = {
			isa = XCBuildConfiguration;
			buildSettings = {
				ALWAYS_SEARCH_USER_PATHS = NO;
				CLANG_ANALYZER_NONNULL = YES;
				CLANG_ANALYZER_NUMBER_OBJECT_CONVERSION = YES_AGGRESSIVE;
				CLANG_CXX_LANGUAGE_STANDARD = "gnu++20";
				CLANG_ENABLE_MODULES = YES;
				CLANG_ENABLE_OBJC_ARC = YES;
				CLANG_ENABLE_OBJC_WEAK = YES;
				CLANG_WARN_BLOCK_CAPTURE_AUTORELEASING = YES;
				CLANG_WARN_BOOL_CONVERSION = YES;
				CLANG_WARN_COMMA = YES;
				CLANG_WARN_CONSTANT_CONVERSION = YES;
				CLANG_WARN_DEPRECATED_OBJC_IMPLEMENTATIONS = YES;
				CLANG_WARN_DIRECT_OBJC_ISA_USAGE = YES_ERROR;
				CLANG_WARN_DOCUMENTATION_COMMENTS = YES;
				CLANG_WARN_EMPTY_BODY = YES;
				CLANG_WARN_ENUM_CONVERSION = YES;
				CLANG_WARN_INFINITE_RECURSION = YES;
				CLANG_WARN_INT_CONVERSION = YES;
				CLANG_WARN_NON_LITERAL_NULL_CONVERSION = YES;
				CLANG_WARN_OBJC_IMPLICIT_RETAIN_SELF = YES;
				CLANG_WARN_OBJC_LITERAL_CONVERSION = YES;
				CLANG_WARN_OBJC_ROOT_CLASS = YES_ERROR;
				CLANG_WARN_QUOTED_INCLUDE_IN_FRAMEWORK_HEADER = YES;
				CLANG_WARN_RANGE_LOOP_ANALYSIS = YES;
				CLANG_WARN_STRICT_PROTOTYPES = YES;
				CLANG_WARN_SUSPICIOUS_MOVE = YES;
				CLANG_WARN_UNGUARDED_AVAILABILITY = YES_AGGRESSIVE;
				CLANG_WARN_UNREACHABLE_CODE = YES;
				CLANG_WARN__DUPLICATE_METHOD_MATCH = YES;
				COPY_PHASE_STRIP = NO;
				DEBUG_INFORMATION_FORMAT = "dwarf-with-dsym";
				ENABLE_NS_ASSERTIONS = NO;
				ENABLE_STRICT_OBJC_MSGSEND = YES;
				GCC_C_LANGUAGE_STANDARD = gnu11;
				GCC_NO_COMMON_BLOCKS = YES;
				GCC_WARN_64_TO_32_BIT_CONVERSION = YES;
				GCC_WARN_ABOUT_RETURN_TYPE = YES_ERROR;
				GCC_WARN_UNDECLARED_SELECTOR = YES;
				GCC_WARN_UNINITIALIZED_AUTOS = YES_AGGRESSIVE;
				GCC_WARN_UNUSED_FUNCTION = YES;
				GCC_WARN_UNUSED_VARIABLE = YES;
				IPHONEOS_DEPLOYMENT_TARGET = 16.0;
				MTL_ENABLE_DEBUG_INFO = NO;
				MTL_FAST_MATH = YES;
				SDKROOT = iphoneos;
				SWIFT_COMPILATION_MODE = wholemodule;
				SWIFT_OPTIMIZATION_LEVEL = "-O";
				VALIDATE_PRODUCT = YES;
			};
			name = Release;
		};
		602CCA372A4C21ED007F8AD6 /* Debug */ = {
			isa = XCBuildConfiguration;
			buildSettings = {
				ASSETCATALOG_COMPILER_APPICON_NAME = AppIcon;
				ASSETCATALOG_COMPILER_GLOBAL_ACCENT_COLOR_NAME = AccentColor;
				CODE_SIGN_STYLE = Automatic;
				CURRENT_PROJECT_VERSION = 1;
				DEVELOPMENT_TEAM = 6YX8RWQNTP;
				GENERATE_INFOPLIST_FILE = YES;
				INFOPLIST_FILE = ToDoListApp/Info.plist;
				INFOPLIST_KEY_UIApplicationSupportsIndirectInputEvents = YES;
				INFOPLIST_KEY_UILaunchStoryboardName = LaunchScreen;
				INFOPLIST_KEY_UISupportedInterfaceOrientations_iPad = "UIInterfaceOrientationPortrait UIInterfaceOrientationPortraitUpsideDown UIInterfaceOrientationLandscapeLeft UIInterfaceOrientationLandscapeRight";
				INFOPLIST_KEY_UISupportedInterfaceOrientations_iPhone = "UIInterfaceOrientationPortrait UIInterfaceOrientationLandscapeLeft UIInterfaceOrientationLandscapeRight";
				LD_RUNPATH_SEARCH_PATHS = (
					"$(inherited)",
					"@executable_path/Frameworks",
				);
				MARKETING_VERSION = 1.0;
				PRODUCT_BUNDLE_IDENTIFIER = adlet.zhan.ToDoListApp;
				PRODUCT_NAME = "$(TARGET_NAME)";
				SWIFT_EMIT_LOC_STRINGS = YES;
				SWIFT_VERSION = 5.0;
				TARGETED_DEVICE_FAMILY = "1,2";
			};
			name = Debug;
		};
		602CCA382A4C21ED007F8AD6 /* Release */ = {
			isa = XCBuildConfiguration;
			buildSettings = {
				ASSETCATALOG_COMPILER_APPICON_NAME = AppIcon;
				ASSETCATALOG_COMPILER_GLOBAL_ACCENT_COLOR_NAME = AccentColor;
				CODE_SIGN_STYLE = Automatic;
				CURRENT_PROJECT_VERSION = 1;
				DEVELOPMENT_TEAM = 6YX8RWQNTP;
				GENERATE_INFOPLIST_FILE = YES;
				INFOPLIST_FILE = ToDoListApp/Info.plist;
				INFOPLIST_KEY_UIApplicationSupportsIndirectInputEvents = YES;
				INFOPLIST_KEY_UILaunchStoryboardName = LaunchScreen;
				INFOPLIST_KEY_UISupportedInterfaceOrientations_iPad = "UIInterfaceOrientationPortrait UIInterfaceOrientationPortraitUpsideDown UIInterfaceOrientationLandscapeLeft UIInterfaceOrientationLandscapeRight";
				INFOPLIST_KEY_UISupportedInterfaceOrientations_iPhone = "UIInterfaceOrientationPortrait UIInterfaceOrientationLandscapeLeft UIInterfaceOrientationLandscapeRight";
				LD_RUNPATH_SEARCH_PATHS = (
					"$(inherited)",
					"@executable_path/Frameworks",
				);
				MARKETING_VERSION = 1.0;
				PRODUCT_BUNDLE_IDENTIFIER = adlet.zhan.ToDoListApp;
				PRODUCT_NAME = "$(TARGET_NAME)";
				SWIFT_EMIT_LOC_STRINGS = YES;
				SWIFT_VERSION = 5.0;
				TARGETED_DEVICE_FAMILY = "1,2";
			};
			name = Release;
		};
		602CCA3A2A4C21ED007F8AD6 /* Debug */ = {
			isa = XCBuildConfiguration;
			buildSettings = {
				ALWAYS_EMBED_SWIFT_STANDARD_LIBRARIES = YES;
				BUNDLE_LOADER = "$(TEST_HOST)";
				CODE_SIGN_STYLE = Automatic;
				CURRENT_PROJECT_VERSION = 1;
				DEVELOPMENT_TEAM = 6YX8RWQNTP;
				GENERATE_INFOPLIST_FILE = YES;
				IPHONEOS_DEPLOYMENT_TARGET = 16.0;
				MARKETING_VERSION = 1.0;
				PRODUCT_BUNDLE_IDENTIFIER = adlet.zhan.ToDoListAppTests;
				PRODUCT_NAME = "$(TARGET_NAME)";
				SWIFT_EMIT_LOC_STRINGS = NO;
				SWIFT_VERSION = 5.0;
				TARGETED_DEVICE_FAMILY = "1,2";
				TEST_HOST = "$(BUILT_PRODUCTS_DIR)/ToDoListApp.app/$(BUNDLE_EXECUTABLE_FOLDER_PATH)/ToDoListApp";
			};
			name = Debug;
		};
		602CCA3B2A4C21ED007F8AD6 /* Release */ = {
			isa = XCBuildConfiguration;
			buildSettings = {
				ALWAYS_EMBED_SWIFT_STANDARD_LIBRARIES = YES;
				BUNDLE_LOADER = "$(TEST_HOST)";
				CODE_SIGN_STYLE = Automatic;
				CURRENT_PROJECT_VERSION = 1;
				DEVELOPMENT_TEAM = 6YX8RWQNTP;
				GENERATE_INFOPLIST_FILE = YES;
				IPHONEOS_DEPLOYMENT_TARGET = 16.0;
				MARKETING_VERSION = 1.0;
				PRODUCT_BUNDLE_IDENTIFIER = adlet.zhan.ToDoListAppTests;
				PRODUCT_NAME = "$(TARGET_NAME)";
				SWIFT_EMIT_LOC_STRINGS = NO;
				SWIFT_VERSION = 5.0;
				TARGETED_DEVICE_FAMILY = "1,2";
				TEST_HOST = "$(BUILT_PRODUCTS_DIR)/ToDoListApp.app/$(BUNDLE_EXECUTABLE_FOLDER_PATH)/ToDoListApp";
			};
			name = Release;
		};
		602CCA3D2A4C21ED007F8AD6 /* Debug */ = {
			isa = XCBuildConfiguration;
			buildSettings = {
				ALWAYS_EMBED_SWIFT_STANDARD_LIBRARIES = YES;
				CODE_SIGN_STYLE = Automatic;
				CURRENT_PROJECT_VERSION = 1;
				DEVELOPMENT_TEAM = 6YX8RWQNTP;
				GENERATE_INFOPLIST_FILE = YES;
				MARKETING_VERSION = 1.0;
				PRODUCT_BUNDLE_IDENTIFIER = adlet.zhan.ToDoListAppUITests;
				PRODUCT_NAME = "$(TARGET_NAME)";
				SWIFT_EMIT_LOC_STRINGS = NO;
				SWIFT_VERSION = 5.0;
				TARGETED_DEVICE_FAMILY = "1,2";
				TEST_TARGET_NAME = ToDoListApp;
			};
			name = Debug;
		};
		602CCA3E2A4C21ED007F8AD6 /* Release */ = {
			isa = XCBuildConfiguration;
			buildSettings = {
				ALWAYS_EMBED_SWIFT_STANDARD_LIBRARIES = YES;
				CODE_SIGN_STYLE = Automatic;
				CURRENT_PROJECT_VERSION = 1;
				DEVELOPMENT_TEAM = 6YX8RWQNTP;
				GENERATE_INFOPLIST_FILE = YES;
				MARKETING_VERSION = 1.0;
				PRODUCT_BUNDLE_IDENTIFIER = adlet.zhan.ToDoListAppUITests;
				PRODUCT_NAME = "$(TARGET_NAME)";
				SWIFT_EMIT_LOC_STRINGS = NO;
				SWIFT_VERSION = 5.0;
				TARGETED_DEVICE_FAMILY = "1,2";
				TEST_TARGET_NAME = ToDoListApp;
			};
			name = Release;
		};
/* End XCBuildConfiguration section */

/* Begin XCConfigurationList section */
		602CCA072A4C21EA007F8AD6 /* Build configuration list for PBXProject "ToDoListApp" */ = {
			isa = XCConfigurationList;
			buildConfigurations = (
				602CCA342A4C21ED007F8AD6 /* Debug */,
				602CCA352A4C21ED007F8AD6 /* Release */,
			);
			defaultConfigurationIsVisible = 0;
			defaultConfigurationName = Release;
		};
		602CCA362A4C21ED007F8AD6 /* Build configuration list for PBXNativeTarget "ToDoListApp" */ = {
			isa = XCConfigurationList;
			buildConfigurations = (
				602CCA372A4C21ED007F8AD6 /* Debug */,
				602CCA382A4C21ED007F8AD6 /* Release */,
			);
			defaultConfigurationIsVisible = 0;
			defaultConfigurationName = Release;
		};
		602CCA392A4C21ED007F8AD6 /* Build configuration list for PBXNativeTarget "ToDoListAppTests" */ = {
			isa = XCConfigurationList;
			buildConfigurations = (
				602CCA3A2A4C21ED007F8AD6 /* Debug */,
				602CCA3B2A4C21ED007F8AD6 /* Release */,
			);
			defaultConfigurationIsVisible = 0;
			defaultConfigurationName = Release;
		};
		602CCA3C2A4C21ED007F8AD6 /* Build configuration list for PBXNativeTarget "ToDoListAppUITests" */ = {
			isa = XCConfigurationList;
			buildConfigurations = (
				602CCA3D2A4C21ED007F8AD6 /* Debug */,
				602CCA3E2A4C21ED007F8AD6 /* Release */,
			);
			defaultConfigurationIsVisible = 0;
			defaultConfigurationName = Release;
		};
/* End XCConfigurationList section */
	};
	rootObject = 602CCA042A4C21EA007F8AD6 /* Project object */;
}
